{
  "name": "CardPricer",
  "lockfileVersion": 3,
  "requires": true,
  "packages": {
    "": {
      "dependencies": {
        "copilot": "^0.0.2"
      }
    },
    "node_modules/@github/copilot": {
      "version": "1.0.64",
      "resolved": "https://registry.npmjs.org/@github/copilot/-/copilot-1.0.64.tgz",
      "integrity": "sha512-Dch34NNBWjWlkEUxrC4CkDFunQs5cRmkEEO/PR6Lqj23zzwDwzJUxWA/6K28EokfoPhc9hLyPsCbS9rQ9v2TFA==",
      "license": "SEE LICENSE IN LICENSE.md",
      "dependencies": {
        "detect-libc": "^2.1.2"
      },
      "bin": {
        "copilot": "npm-loader.js"
      },
      "optionalDependencies": {
        "@github/copilot-darwin-arm64": "1.0.64",
        "@github/copilot-darwin-x64": "1.0.64",
        "@github/copilot-linux-arm64": "1.0.64",
        "@github/copilot-linux-x64": "1.0.64",
        "@github/copilot-linuxmusl-arm64": "1.0.64",
        "@github/copilot-linuxmusl-x64": "1.0.64",
        "@github/copilot-win32-arm64": "1.0.64",
        "@github/copilot-win32-x64": "1.0.64"
      }
    },
    "node_modules/@github/copilot-darwin-arm64": {
      "version": "1.0.64",
      "resolved": "https://registry.npmjs.org/@github/copilot-darwin-arm64/-/copilot-darwin-arm64-1.0.64.tgz",
      "integrity": "sha512-2+ma5M0kwfSytB1Js8vl16ffZ4oCntgs0hFqeZ/zyV3ZQ4cNmDokxa/VLYGyOIQD0oeTZyZdcDJiGrlsYhoYgw==",
      "cpu": [
        "arm64"
      ],
      "license": "SEE LICENSE IN LICENSE.md",
      "optional": true,
      "os": [
        "darwin"
      ],
      "bin": {
        "copilot-darwin-arm64": "copilot"
      }
    },
    "node_modules/@github/copilot-darwin-x64": {
      "version": "1.0.64",
      "resolved": "https://registry.npmjs.org/@github/copilot-darwin-x64/-/copilot-darwin-x64-1.0.64.tgz",
      "integrity": "sha512-mwjZ0/HZ7loXnahkqhy7LXvNVzq12eghoawd+M2d7kiHMR5yAHK6XA++6kKFj3vZnDanjau+wyvTx0z++mQ3LA==",
      "cpu": [
        "x64"
      ],
      "license": "SEE LICENSE IN LICENSE.md",
      "optional": true,
      "os": [
        "darwin"
      ],
      "bin": {
        "copilot-darwin-x64": "copilot"
      }
    },
    "node_modules/@github/copilot-linux-arm64": {
      "version": "1.0.64",
      "resolved": "https://registry.npmjs.org/@github/copilot-linux-arm64/-/copilot-linux-arm64-1.0.64.tgz",
      "integrity": "sha512-Krg/3ZWxXB7Dw4VOLZEZrYmqc39Yvz9M1K9SPOfjpEy2SFnF/KVLaFt/6E1uYdjgvJ7BmocfVcFYp0hUmy5Axw==",
      "cpu": [
        "arm64"
      ],
      "license": "SEE LICENSE IN LICENSE.md",
      "optional": true,
      "os": [
        "linux"
      ],
      "bin": {
        "copilot-linux-arm64": "copilot"
      }
    },
    "node_modules/@github/copilot-linux-x64": {
      "version": "1.0.64",
      "resolved": "https://registry.npmjs.org/@github/copilot-linux-x64/-/copilot-linux-x64-1.0.64.tgz",
      "integrity": "sha512-2k9FGppYnxHLwVH+TVCf13JfjSlvS15wsZM5xYxEFlqL/CIBvTK7yn5p7M+P1dWoTUpCmavKG3601BtHPenrRg==",
      "cpu": [
        "x64"
      ],
      "license": "SEE LICENSE IN LICENSE.md",
      "optional": true,
      "os": [
        "linux"
      ],
      "bin": {
        "copilot-linux-x64": "copilot"
      }
    },
    "node_modules/@github/copilot-linuxmusl-arm64": {
      "version": "1.0.64",
      "resolved": "https://registry.npmjs.org/@github/copilot-linuxmusl-arm64/-/copilot-linuxmusl-arm64-1.0.64.tgz",
      "integrity": "sha512-C+EYoMvmlUxR0YYxLkD3nwn940y0zId8z+pPl9rFO6f9heMGXYCwCZL2i2c3GW6CvGgZF6Wbzw1Kk0Gvw46F2w==",
      "cpu": [
        "arm64"
      ],
      "license": "SEE LICENSE IN LICENSE.md",
      "optional": true,
      "os": [
        "linux"
      ],
      "bin": {
        "copilot-linuxmusl-arm64": "copilot"
      }
    },
    "node_modules/@github/copilot-linuxmusl-x64": {
      "version": "1.0.64",
      "resolved": "https://registry.npmjs.org/@github/copilot-linuxmusl-x64/-/copilot-linuxmusl-x64-1.0.64.tgz",
      "integrity": "sha512-VSTGl7dGQDhH2ACeyYq1hYhAsMUbumpqeVe+CGo/u7fKOMrTNMTR5SB3s+zsHCskKZkJkZ2gsUWROCiDBsThEg==",
      "cpu": [
        "x64"
      ],
      "license": "SEE LICENSE IN LICENSE.md",
      "optional": true,
      "os": [
        "linux"
      ],
      "bin": {
        "copilot-linuxmusl-x64": "copilot"
      }
    },
    "node_modules/@github/copilot-win32-arm64": {
      "version": "1.0.64",
      "resolved": "https://registry.npmjs.org/@github/copilot-win32-arm64/-/copilot-win32-arm64-1.0.64.tgz",
      "integrity": "sha512-16gb2T0rQ3QI/rs7mJa3xSks0/ZFrFKoMro3tvgM/c89J/5PTpykpLIuD2Zhl1cC3FqaFzcSYzdupxu82Aj2tQ==",
      "cpu": [
        "arm64"
      ],
      "license": "SEE LICENSE IN LICENSE.md",
      "optional": true,
      "os": [
        "win32"
      ],
      "bin": {
        "copilot-win32-arm64": "copilot.exe"
      }
    },
    "node_modules/@github/copilot-win32-x64": {
      "version": "1.0.64",
      "resolved": "https://registry.npmjs.org/@github/copilot-win32-x64/-/copilot-win32-x64-1.0.64.tgz",
      "integrity": "sha512-Ki+St5eggcATHdPLc58RGrOuCX+igblD3/TmlQ8WTHmZxcyuKJl9RNzui3ioVi7ntLmKWriW5r/VH/DTHVKT8g==",
      "cpu": [
        "x64"
      ],
      "license": "SEE LICENSE IN LICENSE.md",
      "optional": true,
      "os": [
        "win32"
      ],
      "bin": {
        "copilot-win32-x64": "copilot.exe"
      }
    },
    "node_modules/copilot": {
      "version": "0.0.2",
      "resolved": "https://registry.npmjs.org/copilot/-/copilot-0.0.2.tgz",
      "integrity": "sha512-nedf34AaYj9JnFhRmiJEZemAno2WDXMypq6FW5aCVR0N+QdpQ6viukP1JpvJDChpaMEVvbUkMjmjMifJbO/AgQ==",
      "dependencies": {
        "@github/copilot": "latest"
      },
      "bin": {
        "copilot": "node_modules/@github/copilot/index.js"
      }
    },
    "node_modules/detect-libc": {
      "version": "2.1.2",
      "resolved": "https://registry.npmjs.org/detect-libc/-/detect-libc-2.1.2.tgz",
      "integrity": "sha512-Btj2BOOO83o3WyH59e8MgXsxEQVcarkUOpEYrubB0urwnN10yQ364rsiByU11nZlqWYZm05i/of7io4mzihBtQ==",
      "license": "Apache-2.0",
      "engines": {
        "node": ">=8"
      }
    }
  }
}
